
Microsoft Visual Studio Solution File, Format Version 12.00
# Visual Studio Version 17
VisualStudioVersion = 17.7.34009.444
MinimumVisualStudioVersion = 10.0.40219.1
Project("{FAE04EC0-301F-11D3-BF4B-00C04F79EFBC}") = "caixa registradora dia1", "caixa registradora dia1\caixa registradora dia1.csproj", "{A660CADC-799A-4748-8193-AF604629E253}"
EndProject
Global
	GlobalSection(SolutionConfigurationPlatforms) = preSolution
		Debug|Any CPU = Debug|Any CPU
		Release|Any CPU = Release|Any CPU
	EndGlobalSection
	GlobalSection(ProjectConfigurationPlatforms) = postSolution
		{A660CADC-799A-4748-8193-AF604629E253}.Debug|Any CPU.ActiveCfg = Debug|Any CPU
		{A660CADC-799A-4748-8193-AF604629E253}.Debug|Any CPU.Build.0 = Debug|Any CPU
		{A660CADC-799A-4748-8193-AF604629E253}.Release|Any CPU.ActiveCfg = Release|Any CPU
		{A660CADC-799A-4748-8193-AF604629E253}.Release|Any CPU.Build.0 = Release|Any CPU
	EndGlobalSection
	GlobalSection(SolutionProperties) = preSolution
		HideSolutionNode = FALSE
	EndGlobalSection
	GlobalSection(ExtensibilityGlobals) = postSolution
		SolutionGuid = {4694A578-3170-44D8-B4F6-B024322EFCEE}
	EndGlobalSection
EndGlobal
